
Microsoft Visual Studio Solution File, Format Version 12.00
# Visual Studio Version 17
VisualStudioVersion = 17.3.32929.385
MinimumVisualStudioVersion = 10.0.40219.1
Project("{FAE04EC0-301F-11D3-BF4B-00C04F79EFBC}") = "Sifre2", "Sifre2\Sifre2.csproj", "{E323B216-0212-4E00-9B1F-BC7B97777690}"
EndProject
Global
	GlobalSection(SolutionConfigurationPlatforms) = preSolution
		Debug|Any CPU = Debug|Any CPU
		Release|Any CPU = Release|Any CPU
	EndGlobalSection
	GlobalSection(ProjectConfigurationPlatforms) = postSolution
		{E323B216-0212-4E00-9B1F-BC7B97777690}.Debug|Any CPU.ActiveCfg = Debug|Any CPU
		{E323B216-0212-4E00-9B1F-BC7B97777690}.Debug|Any CPU.Build.0 = Debug|Any CPU
		{E323B216-0212-4E00-9B1F-BC7B97777690}.Release|Any CPU.ActiveCfg = Release|Any CPU
		{E323B216-0212-4E00-9B1F-BC7B97777690}.Release|Any CPU.Build.0 = Release|Any CPU
	EndGlobalSection
	GlobalSection(SolutionProperties) = preSolution
		HideSolutionNode = FALSE
	EndGlobalSection
	GlobalSection(ExtensibilityGlobals) = postSolution
		SolutionGuid = {78E83E94-F33A-41BC-900C-A611FD049F8C}
	EndGlobalSection
EndGlobal
